
Microsoft Visual Studio Solution File, Format Version 12.00
# Visual Studio Version 17
VisualStudioVersion = 17.4.33110.190
MinimumVisualStudioVersion = 10.0.40219.1
Project("{9A19103F-16F7-4668-BE54-9A1E7A4F7556}") = "CardReader", "CardReader\CardReader.csproj", "{BA304EE3-62D5-4C9B-9D5B-31716B2D8C79}"
EndProject
Project("{8BC9CEB8-8B4A-11D0-8D11-00A0C91BC942}") = "DriverLicenseReader", "DriverLicenseReader\DriverLicenseReader.vcxproj", "{9DFFD933-921A-45B4-A871-EF95317C7CB4}"
EndProject
Project("{8BC9CEB8-8B4A-11D0-8D11-00A0C91BC942}") = "IdReader", "IdReader\IdReader.vcxproj", "{81F5DBC3-EC1C-4ED0-911D-C6B478907A10}"
EndProject
Global
	GlobalSection(SolutionConfigurationPlatforms) = preSolution
		Debug|arm64 = Debug|arm64
		Debug|x64 = Debug|x64
		Debug|x86 = Debug|x86
		Release|arm64 = Release|arm64
		Release|x64 = Release|x64
		Release|x86 = Release|x86
	EndGlobalSection
	GlobalSection(ProjectConfigurationPlatforms) = postSolution
		{BA304EE3-62D5-4C9B-9D5B-31716B2D8C79}.Debug|arm64.ActiveCfg = Debug|ARM64
		{BA304EE3-62D5-4C9B-9D5B-31716B2D8C79}.Debug|arm64.Build.0 = Debug|ARM64
		{BA304EE3-62D5-4C9B-9D5B-31716B2D8C79}.Debug|arm64.Deploy.0 = Debug|ARM64
		{BA304EE3-62D5-4C9B-9D5B-31716B2D8C79}.Debug|x64.ActiveCfg = Debug|x64
		{BA304EE3-62D5-4C9B-9D5B-31716B2D8C79}.Debug|x64.Build.0 = Debug|x64
		{BA304EE3-62D5-4C9B-9D5B-31716B2D8C79}.Debug|x64.Deploy.0 = Debug|x64
		{BA304EE3-62D5-4C9B-9D5B-31716B2D8C79}.Debug|x86.ActiveCfg = Debug|x86
		{BA304EE3-62D5-4C9B-9D5B-31716B2D8C79}.Debug|x86.Build.0 = Debug|x86
		{BA304EE3-62D5-4C9B-9D5B-31716B2D8C79}.Debug|x86.Deploy.0 = Debug|x86
		{BA304EE3-62D5-4C9B-9D5B-31716B2D8C79}.Release|arm64.ActiveCfg = Release|ARM64
		{BA304EE3-62D5-4C9B-9D5B-31716B2D8C79}.Release|arm64.Build.0 = Release|ARM64
		{BA304EE3-62D5-4C9B-9D5B-31716B2D8C79}.Release|arm64.Deploy.0 = Release|ARM64
		{BA304EE3-62D5-4C9B-9D5B-31716B2D8C79}.Release|x64.ActiveCfg = Release|x64
		{BA304EE3-62D5-4C9B-9D5B-31716B2D8C79}.Release|x64.Build.0 = Release|x64
		{BA304EE3-62D5-4C9B-9D5B-31716B2D8C79}.Release|x64.Deploy.0 = Release|x64
		{BA304EE3-62D5-4C9B-9D5B-31716B2D8C79}.Release|x86.ActiveCfg = Release|x86
		{BA304EE3-62D5-4C9B-9D5B-31716B2D8C79}.Release|x86.Build.0 = Release|x86
		{BA304EE3-62D5-4C9B-9D5B-31716B2D8C79}.Release|x86.Deploy.0 = Release|x86
		{9DFFD933-921A-45B4-A871-EF95317C7CB4}.Debug|arm64.ActiveCfg = Debug|Win32
		{9DFFD933-921A-45B4-A871-EF95317C7CB4}.Debug|x64.ActiveCfg = Debug|Win32
		{9DFFD933-921A-45B4-A871-EF95317C7CB4}.Debug|x86.ActiveCfg = Debug|Win32
		{9DFFD933-921A-45B4-A871-EF95317C7CB4}.Debug|x86.Build.0 = Debug|Win32
		{9DFFD933-921A-45B4-A871-EF95317C7CB4}.Release|arm64.ActiveCfg = Release|Win32
		{9DFFD933-921A-45B4-A871-EF95317C7CB4}.Release|x64.ActiveCfg = Release|Win32
		{9DFFD933-921A-45B4-A871-EF95317C7CB4}.Release|x86.ActiveCfg = Release|Win32
		{9DFFD933-921A-45B4-A871-EF95317C7CB4}.Release|x86.Build.0 = Release|Win32
		{81F5DBC3-EC1C-4ED0-911D-C6B478907A10}.Debug|arm64.ActiveCfg = Debug|x64
		{81F5DBC3-EC1C-4ED0-911D-C6B478907A10}.Debug|arm64.Build.0 = Debug|x64
		{81F5DBC3-EC1C-4ED0-911D-C6B478907A10}.Debug|x64.ActiveCfg = Debug|x64
		{81F5DBC3-EC1C-4ED0-911D-C6B478907A10}.Debug|x64.Build.0 = Debug|x64
		{81F5DBC3-EC1C-4ED0-911D-C6B478907A10}.Debug|x86.ActiveCfg = Debug|Win32
		{81F5DBC3-EC1C-4ED0-911D-C6B478907A10}.Debug|x86.Build.0 = Debug|Win32
		{81F5DBC3-EC1C-4ED0-911D-C6B478907A10}.Release|arm64.ActiveCfg = Release|x64
		{81F5DBC3-EC1C-4ED0-911D-C6B478907A10}.Release|arm64.Build.0 = Release|x64
		{81F5DBC3-EC1C-4ED0-911D-C6B478907A10}.Release|x64.ActiveCfg = Release|x64
		{81F5DBC3-EC1C-4ED0-911D-C6B478907A10}.Release|x64.Build.0 = Release|x64
		{81F5DBC3-EC1C-4ED0-911D-C6B478907A10}.Release|x86.ActiveCfg = Release|Win32
		{81F5DBC3-EC1C-4ED0-911D-C6B478907A10}.Release|x86.Build.0 = Release|Win32
	EndGlobalSection
	GlobalSection(SolutionProperties) = preSolution
		HideSolutionNode = FALSE
	EndGlobalSection
	GlobalSection(ExtensibilityGlobals) = postSolution
		SolutionGuid = {9AFC56C0-4F62-4379-83E5-1346E554CA30}
	EndGlobalSection
EndGlobal
